
Microsoft Visual Studio Solution File, Format Version 12.00
# Visual Studio Version 17
VisualStudioVersion = 17.6.33815.320
MinimumVisualStudioVersion = 10.0.40219.1
Project("{FAE04EC0-301F-11D3-BF4B-00C04F79EFBC}") = "Sea Battle", "Sea Battle\Sea Battle.csproj", "{DC5FF565-114E-47D0-BEB7-D9778AA1985E}"
EndProject
Global
	GlobalSection(SolutionConfigurationPlatforms) = preSolution
		Debug|Any CPU = Debug|Any CPU
		Release|Any CPU = Release|Any CPU
	EndGlobalSection
	GlobalSection(ProjectConfigurationPlatforms) = postSolution
		{DC5FF565-114E-47D0-BEB7-D9778AA1985E}.Debug|Any CPU.ActiveCfg = Debug|Any CPU
		{DC5FF565-114E-47D0-BEB7-D9778AA1985E}.Debug|Any CPU.Build.0 = Debug|Any CPU
		{DC5FF565-114E-47D0-BEB7-D9778AA1985E}.Release|Any CPU.ActiveCfg = Release|Any CPU
		{DC5FF565-114E-47D0-BEB7-D9778AA1985E}.Release|Any CPU.Build.0 = Release|Any CPU
	EndGlobalSection
	GlobalSection(SolutionProperties) = preSolution
		HideSolutionNode = FALSE
	EndGlobalSection
	GlobalSection(ExtensibilityGlobals) = postSolution
		SolutionGuid = {E5DC822D-8007-459F-832F-608E517E5BD8}
	EndGlobalSection
EndGlobal
